
Microsoft Visual Studio Solution File, Format Version 12.00
# Visual Studio Version 17
VisualStudioVersion = 17.9.34607.119
MinimumVisualStudioVersion = 10.0.40219.1
Project("{FAE04EC0-301F-11D3-BF4B-00C04F79EFBC}") = "ClassLibrary1", "ClassLibrary1\ClassLibrary1.csproj", "{FA7A1557-100A-40C1-924F-C245647ECC1B}"
EndProject
Global
	GlobalSection(SolutionConfigurationPlatforms) = preSolution
		Debug|Any CPU = Debug|Any CPU
		Release|Any CPU = Release|Any CPU
	EndGlobalSection
	GlobalSection(ProjectConfigurationPlatforms) = postSolution
		{FA7A1557-100A-40C1-924F-C245647ECC1B}.Debug|Any CPU.ActiveCfg = Debug|Any CPU
		{FA7A1557-100A-40C1-924F-C245647ECC1B}.Debug|Any CPU.Build.0 = Debug|Any CPU
		{FA7A1557-100A-40C1-924F-C245647ECC1B}.Release|Any CPU.ActiveCfg = Release|Any CPU
		{FA7A1557-100A-40C1-924F-C245647ECC1B}.Release|Any CPU.Build.0 = Release|Any CPU
	EndGlobalSection
	GlobalSection(SolutionProperties) = preSolution
		HideSolutionNode = FALSE
	EndGlobalSection
	GlobalSection(ExtensibilityGlobals) = postSolution
		SolutionGuid = {10D6CE02-A43C-4B6F-957B-909341D9A8CD}
	EndGlobalSection
EndGlobal
